// !$*UTF8*$!
{
	archiveVersion = 1;
	classes = {
	};
	objectVersion = 56;
	objects = {

/* Begin PBXBuildFile section */
		067278BF96A7DCA696EAE338 /* ReaderView.swift in Sources */ = {isa = PBXBuildFile; fileRef = DA1DB05E9EE692B4F8170AA9 /* ReaderView.swift */; };
		1D0B9EAD7C09C4B94EA24F6F /* PlaybackSettings.swift in Sources */ = {isa = PBXBuildFile; fileRef = 737AB2CF9CFB2B8399AB4DAB /* PlaybackSettings.swift */; };
		2CBAC498C71C1FE9458BF11F /* LibraryView.swift in Sources */ = {isa = PBXBuildFile; fileRef = 3CA530377942251DF3E857C7 /* LibraryView.swift */; };
		4DBA062F642CCA22512E160A /* Assets.xcassets in Resources */ = {isa = PBXBuildFile; fileRef = B13607AED7C3F6DF7150EB08 /* Assets.xcassets */; };
		57EBFDFA3C95028B1582FB6F /* starter.json in Resources */ = {isa = PBXBuildFile; fileRef = 2E74DFDCF724C90D20F7B247 /* starter.json */; };
		89716BCC15850977F645FB65 /* LessonSessionTests.swift in Sources */ = {isa = PBXBuildFile; fileRef = 246F684ECF776260D1120241 /* LessonSessionTests.swift */; };
		9D3DB35349AF4175B994CC4B /* SpeechPlayer.swift in Sources */ = {isa = PBXBuildFile; fileRef = 785391E0DDEBEA36D8466EC4 /* SpeechPlayer.swift */; };
		A1C4AEF683C991BD4056BAC0 /* LifeIsLearnedApp.swift in Sources */ = {isa = PBXBuildFile; fileRef = 015DBCEC91D6614BBE1582F0 /* LifeIsLearnedApp.swift */; };
		C1FA337C770FDC265C2C0E53 /* SettingsView.swift in Sources */ = {isa = PBXBuildFile; fileRef = D1EFC3658131F81590D9E481 /* SettingsView.swift */; };
		E37735665CB3660075D470EF /* Components.swift in Sources */ = {isa = PBXBuildFile; fileRef = B7B157575EC184C68EA87A9B /* Components.swift */; };
		EF28063157974F05DA44D1AE /* LessonPackage.swift in Sources */ = {isa = PBXBuildFile; fileRef = 1ACA3B93E1778F00494B3656 /* LessonPackage.swift */; };
		F3EB0414900FBDDD7C8F5B48 /* LibraryStore.swift in Sources */ = {isa = PBXBuildFile; fileRef = 055E2254DDB3A9D1A0BC1913 /* LibraryStore.swift */; };
		FFC4291F46F5EE7FE2B53814 /* LessonSession.swift in Sources */ = {isa = PBXBuildFile; fileRef = FD835B05F1625D3105D7ABF0 /* LessonSession.swift */; };
/* End PBXBuildFile section */

/* Begin PBXContainerItemProxy section */
		1241936D4DD3AAD68FE7BFBD /* PBXContainerItemProxy */ = {
			isa = PBXContainerItemProxy;
			containerPortal = 244210E48437B6556980A702 /* Project object */;
			proxyType = 1;
			remoteGlobalIDString = C1E9827DB735CA9BAA54A540;
			remoteInfo = LifeIsLearned;
		};
/* End PBXContainerItemProxy section */

/* Begin PBXFileReference section */
		015DBCEC91D6614BBE1582F0 /* LifeIsLearnedApp.swift */ = {isa = PBXFileReference; lastKnownFileType = sourcecode.swift; path = LifeIsLearnedApp.swift; sourceTree = "<group>"; };
		055E2254DDB3A9D1A0BC1913 /* LibraryStore.swift */ = {isa = PBXFileReference; lastKnownFileType = sourcecode.swift; path = LibraryStore.swift; sourceTree = "<group>"; };
		1ACA3B93E1778F00494B3656 /* LessonPackage.swift */ = {isa = PBXFileReference; lastKnownFileType = sourcecode.swift; path = LessonPackage.swift; sourceTree = "<group>"; };
		246F684ECF776260D1120241 /* LessonSessionTests.swift */ = {isa = PBXFileReference; lastKnownFileType = sourcecode.swift; path = LessonSessionTests.swift; sourceTree = "<group>"; };
		2E74DFDCF724C90D20F7B247 /* starter.json */ = {isa = PBXFileReference; lastKnownFileType = text.json; path = starter.json; sourceTree = "<group>"; };
		3CA530377942251DF3E857C7 /* LibraryView.swift */ = {isa = PBXFileReference; lastKnownFileType = sourcecode.swift; path = LibraryView.swift; sourceTree = "<group>"; };
		681C948D238C526E9E3424E0 /* LifeIsLearned.app */ = {isa = PBXFileReference; explicitFileType = wrapper.application; path = LifeIsLearned.app; sourceTree = BUILT_PRODUCTS_DIR; };
		737AB2CF9CFB2B8399AB4DAB /* PlaybackSettings.swift */ = {isa = PBXFileReference; lastKnownFileType = sourcecode.swift; path = PlaybackSettings.swift; sourceTree = "<group>"; };
		785391E0DDEBEA36D8466EC4 /* SpeechPlayer.swift */ = {isa = PBXFileReference; lastKnownFileType = sourcecode.swift; path = SpeechPlayer.swift; sourceTree = "<group>"; };
		B13607AED7C3F6DF7150EB08 /* Assets.xcassets */ = {isa = PBXFileReference; lastKnownFileType = folder.assetcatalog; path = Assets.xcassets; sourceTree = "<group>"; };
		B7B157575EC184C68EA87A9B /* Components.swift */ = {isa = PBXFileReference; lastKnownFileType = sourcecode.swift; path = Components.swift; sourceTree = "<group>"; };
		D1EFC3658131F81590D9E481 /* SettingsView.swift */ = {isa = PBXFileReference; lastKnownFileType = sourcecode.swift; path = SettingsView.swift; sourceTree = "<group>"; };
		DA1DB05E9EE692B4F8170AA9 /* ReaderView.swift */ = {isa = PBXFileReference; lastKnownFileType = sourcecode.swift; path = ReaderView.swift; sourceTree = "<group>"; };
		F739566ED5280322FF98A798 /* LifeIsLearnedTests.xctest */ = {isa = PBXFileReference; explicitFileType = wrapper.cfbundle; path = LifeIsLearnedTests.xctest; sourceTree = BUILT_PRODUCTS_DIR; };
		FD835B05F1625D3105D7ABF0 /* LessonSession.swift */ = {isa = PBXFileReference; lastKnownFileType = sourcecode.swift; path = LessonSession.swift; sourceTree = "<group>"; };
/* End PBXFileReference section */

/* Begin PBXFrameworksBuildPhase section */
		7A4C2DC8FCA657188648E999 /* Frameworks */ = {
			isa = PBXFrameworksBuildPhase;
			buildActionMask = 2147483647;
			files = (
			);
			runOnlyForDeploymentPostprocessing = 0;
		};
		B10CDED79664567B030B2B4F /* Frameworks */ = {
			isa = PBXFrameworksBuildPhase;
			buildActionMask = 2147483647;
			files = (
			);
			runOnlyForDeploymentPostprocessing = 0;
		};
/* End PBXFrameworksBuildPhase section */

/* Begin PBXGroup section */
		0A3E27B8CA818264D75C8D81 /* Products */ = {
			isa = PBXGroup;
			children = (
				681C948D238C526E9E3424E0 /* LifeIsLearned.app */,
				F739566ED5280322FF98A798 /* LifeIsLearnedTests.xctest */,
			);
			name = Products;
			sourceTree = "<group>";
		};
		19F479106CE8C3BA8C106518 = {
			isa = PBXGroup;
			children = (
				FC233BDA2344D97687F5A251 /* LifeIsLearned */,
				C4E2E7F217DE3642E7714F4E /* Tests */,
				0A3E27B8CA818264D75C8D81 /* Products */,
			);
			sourceTree = "<group>";
		};
		369366657F0CC118760331FE /* Resources */ = {
			isa = PBXGroup;
			children = (
				2E74DFDCF724C90D20F7B247 /* starter.json */,
				B13607AED7C3F6DF7150EB08 /* Assets.xcassets */,
			);
			path = Resources;
			sourceTree = "<group>";
		};
		6B8B2B5CD808F874BF4EE1BA /* Services */ = {
			isa = PBXGroup;
			children = (
				FD835B05F1625D3105D7ABF0 /* LessonSession.swift */,
				055E2254DDB3A9D1A0BC1913 /* LibraryStore.swift */,
				737AB2CF9CFB2B8399AB4DAB /* PlaybackSettings.swift */,
				785391E0DDEBEA36D8466EC4 /* SpeechPlayer.swift */,
			);
			path = Services;
			sourceTree = "<group>";
		};
		6C923F6D92369A43B16924F4 /* Views */ = {
			isa = PBXGroup;
			children = (
				B7B157575EC184C68EA87A9B /* Components.swift */,
				3CA530377942251DF3E857C7 /* LibraryView.swift */,
				DA1DB05E9EE692B4F8170AA9 /* ReaderView.swift */,
				D1EFC3658131F81590D9E481 /* SettingsView.swift */,
			);
			path = Views;
			sourceTree = "<group>";
		};
		A2A9809DAF0AEE6960B34B37 /* Models */ = {
			isa = PBXGroup;
			children = (
				1ACA3B93E1778F00494B3656 /* LessonPackage.swift */,
			);
			path = Models;
			sourceTree = "<group>";
		};
		C4E2E7F217DE3642E7714F4E /* Tests */ = {
			isa = PBXGroup;
			children = (
				246F684ECF776260D1120241 /* LessonSessionTests.swift */,
			);
			path = Tests;
			sourceTree = "<group>";
		};
		FC233BDA2344D97687F5A251 /* LifeIsLearned */ = {
			isa = PBXGroup;
			children = (
				015DBCEC91D6614BBE1582F0 /* LifeIsLearnedApp.swift */,
				A2A9809DAF0AEE6960B34B37 /* Models */,
				6B8B2B5CD808F874BF4EE1BA /* Services */,
				6C923F6D92369A43B16924F4 /* Views */,
				369366657F0CC118760331FE /* Resources */,
			);
			path = LifeIsLearned;
			sourceTree = "<group>";
		};
/* End PBXGroup section */

/* Begin PBXNativeTarget section */
		9805CBD60EB4F66728D5D195 /* LifeIsLearnedTests */ = {
			isa = PBXNativeTarget;
			buildConfigurationList = 5FA394EFD07597E96CACD8E1 /* Build configuration list for PBXNativeTarget "LifeIsLearnedTests" */;
			buildPhases = (
				DEE94446A282611C16F7781C /* Sources */,
				B10CDED79664567B030B2B4F /* Frameworks */,
				1F030AB36D1A3A4389CF71AE /* Resources */,
			);
			buildRules = (
			);
			dependencies = (
				F26350DAFE3F19AABFD69AC4 /* PBXTargetDependency */,
			);
			name = LifeIsLearnedTests;
			productName = LifeIsLearnedTests;
			productReference = F739566ED5280322FF98A798 /* LifeIsLearnedTests.xctest */;
			productType = "com.apple.product-type.bundle.unit-test";
		};
		C1E9827DB735CA9BAA54A540 /* LifeIsLearned */ = {
			isa = PBXNativeTarget;
			buildConfigurationList = 06CB67C35A91E16DBD17B949 /* Build configuration list for PBXNativeTarget "LifeIsLearned" */;
			buildPhases = (
				AFF87A50730392B6633ACECE /* Sources */,
				7A4C2DC8FCA657188648E999 /* Frameworks */,
				F9187E824FE171A6F0EFAE28 /* Resources */,
			);
			buildRules = (
			);
			dependencies = (
			);
			name = LifeIsLearned;
			productName = LifeIsLearned;
			productReference = 681C948D238C526E9E3424E0 /* LifeIsLearned.app */;
			productType = "com.apple.product-type.application";
		};
/* End PBXNativeTarget section */

/* Begin PBXProject section */
		244210E48437B6556980A702 /* Project object */ = {
			isa = PBXProject;
			attributes = {
				LastUpgradeCheck = 1600;
				TargetAttributes = {
					9805CBD60EB4F66728D5D195 = {
						CreatedOnToolsVersion = 16.0;
						TestTargetID = C1E9827DB735CA9BAA54A540;
					};
					C1E9827DB735CA9BAA54A540 = {
						CreatedOnToolsVersion = 16.0;
					};
				};
			};
			buildConfigurationList = 76F8DEC3DFE0BDB465198890 /* Build configuration list for PBXProject "LifeIsLearned" */;
			compatibilityVersion = "Xcode 14.0";
			developmentRegion = en;
			hasScannedForEncodings = 0;
			knownRegions = (
				en,
				Base,
			);
			mainGroup = 19F479106CE8C3BA8C106518;
			productRefGroup = 0A3E27B8CA818264D75C8D81 /* Products */;
			projectDirPath = "";
			projectRoot = "";
			targets = (
				C1E9827DB735CA9BAA54A540 /* LifeIsLearned */,
				9805CBD60EB4F66728D5D195 /* LifeIsLearnedTests */,
			);
		};
/* End PBXProject section */

/* Begin PBXResourcesBuildPhase section */
		1F030AB36D1A3A4389CF71AE /* Resources */ = {
			isa = PBXResourcesBuildPhase;
			buildActionMask = 2147483647;
			files = (
			);
			runOnlyForDeploymentPostprocessing = 0;
		};
		F9187E824FE171A6F0EFAE28 /* Resources */ = {
			isa = PBXResourcesBuildPhase;
			buildActionMask = 2147483647;
			files = (
				57EBFDFA3C95028B1582FB6F /* starter.json in Resources */,
				4DBA062F642CCA22512E160A /* Assets.xcassets in Resources */,
			);
			runOnlyForDeploymentPostprocessing = 0;
		};
/* End PBXResourcesBuildPhase section */

/* Begin PBXSourcesBuildPhase section */
		AFF87A50730392B6633ACECE /* Sources */ = {
			isa = PBXSourcesBuildPhase;
			buildActionMask = 2147483647;
			files = (
				A1C4AEF683C991BD4056BAC0 /* LifeIsLearnedApp.swift in Sources */,
				EF28063157974F05DA44D1AE /* LessonPackage.swift in Sources */,
				FFC4291F46F5EE7FE2B53814 /* LessonSession.swift in Sources */,
				F3EB0414900FBDDD7C8F5B48 /* LibraryStore.swift in Sources */,
				1D0B9EAD7C09C4B94EA24F6F /* PlaybackSettings.swift in Sources */,
				9D3DB35349AF4175B994CC4B /* SpeechPlayer.swift in Sources */,
				E37735665CB3660075D470EF /* Components.swift in Sources */,
				2CBAC498C71C1FE9458BF11F /* LibraryView.swift in Sources */,
				067278BF96A7DCA696EAE338 /* ReaderView.swift in Sources */,
				C1FA337C770FDC265C2C0E53 /* SettingsView.swift in Sources */,
			);
			runOnlyForDeploymentPostprocessing = 0;
		};
		DEE94446A282611C16F7781C /* Sources */ = {
			isa = PBXSourcesBuildPhase;
			buildActionMask = 2147483647;
			files = (
				89716BCC15850977F645FB65 /* LessonSessionTests.swift in Sources */,
			);
			runOnlyForDeploymentPostprocessing = 0;
		};
/* End PBXSourcesBuildPhase section */

/* Begin PBXTargetDependency section */
		F26350DAFE3F19AABFD69AC4 /* PBXTargetDependency */ = {
			isa = PBXTargetDependency;
			target = C1E9827DB735CA9BAA54A540 /* LifeIsLearned */;
			targetProxy = 1241936D4DD3AAD68FE7BFBD /* PBXContainerItemProxy */;
		};
/* End PBXTargetDependency section */

/* Begin XCBuildConfiguration section */
		0B0C687DF8B6B8DC790B519C /* Release */ = {
			isa = XCBuildConfiguration;
			buildSettings = {
				CLANG_ENABLE_MODULES = YES;
				CLANG_ENABLE_OBJC_ARC = YES;
				DEBUG_INFORMATION_FORMAT = "dwarf-with-dsym";
				IPHONEOS_DEPLOYMENT_TARGET = 17.0;
				SDKROOT = iphoneos;
				SWIFT_OPTIMIZATION_LEVEL = "-O";
				SWIFT_STRICT_CONCURRENCY = minimal;
				SWIFT_VERSION = 5.0;
			};
			name = Release;
		};
		1B104479E55E37CF8A63CBDF /* Release */ = {
			isa = XCBuildConfiguration;
			buildSettings = {
				CODE_SIGN_STYLE = Automatic;
				CURRENT_PROJECT_VERSION = 1;
				DEVELOPMENT_TEAM = 5SLVTRXAP8;
				GENERATE_INFOPLIST_FILE = YES;
				INFOPLIST_KEY_CFBundleDisplayName = "Life Is Learned";
				INFOPLIST_KEY_LSRequiresIPhoneOS = YES;
				INFOPLIST_KEY_UIApplicationSceneManifest_Generation = YES;
				INFOPLIST_KEY_UILaunchScreen_Generation = YES;
				INFOPLIST_KEY_UISupportedInterfaceOrientations = "UIInterfaceOrientationPortrait UIInterfaceOrientationLandscapeLeft UIInterfaceOrientationLandscapeRight";
				INFOPLIST_KEY_UISupportedInterfaceOrientations_iPad = "UIInterfaceOrientationPortrait UIInterfaceOrientationPortraitUpsideDown UIInterfaceOrientationLandscapeLeft UIInterfaceOrientationLandscapeRight";
				MARKETING_VERSION = 1.0;
				PRODUCT_BUNDLE_IDENTIFIER = com.mariosinclair.lifeislearned;
				PRODUCT_NAME = "$(TARGET_NAME)";
				SUPPORTED_PLATFORMS = "iphoneos iphonesimulator";
				SUPPORTS_MACCATALYST = NO;
				SWIFT_EMIT_LOC_STRINGS = YES;
				TARGETED_DEVICE_FAMILY = "1,2";
			};
			name = Release;
		};
		73EBF6644258C120893E685D /* Debug */ = {
			isa = XCBuildConfiguration;
			buildSettings = {
				CLANG_ENABLE_MODULES = YES;
				CLANG_ENABLE_OBJC_ARC = YES;
				DEBUG_INFORMATION_FORMAT = dwarf;
				IPHONEOS_DEPLOYMENT_TARGET = 17.0;
				SDKROOT = iphoneos;
				SWIFT_ACTIVE_COMPILATION_CONDITIONS = DEBUG;
				SWIFT_ENABLE_TESTABILITY = YES;
				SWIFT_OPTIMIZATION_LEVEL = "-Onone";
				SWIFT_STRICT_CONCURRENCY = minimal;
				SWIFT_VERSION = 5.0;
			};
			name = Debug;
		};
		B00CCDD09424E369308D67FA /* Debug */ = {
			isa = XCBuildConfiguration;
			buildSettings = {
				CODE_SIGN_STYLE = Automatic;
				CURRENT_PROJECT_VERSION = 1;
				DEVELOPMENT_TEAM = 5SLVTRXAP8;
				GENERATE_INFOPLIST_FILE = YES;
				INFOPLIST_KEY_CFBundleDisplayName = "Life Is Learned";
				INFOPLIST_KEY_LSRequiresIPhoneOS = YES;
				INFOPLIST_KEY_UIApplicationSceneManifest_Generation = YES;
				INFOPLIST_KEY_UILaunchScreen_Generation = YES;
				INFOPLIST_KEY_UISupportedInterfaceOrientations = "UIInterfaceOrientationPortrait UIInterfaceOrientationLandscapeLeft UIInterfaceOrientationLandscapeRight";
				INFOPLIST_KEY_UISupportedInterfaceOrientations_iPad = "UIInterfaceOrientationPortrait UIInterfaceOrientationPortraitUpsideDown UIInterfaceOrientationLandscapeLeft UIInterfaceOrientationLandscapeRight";
				MARKETING_VERSION = 1.0;
				PRODUCT_BUNDLE_IDENTIFIER = com.mariosinclair.lifeislearned;
				PRODUCT_NAME = "$(TARGET_NAME)";
				SUPPORTED_PLATFORMS = "iphoneos iphonesimulator";
				SUPPORTS_MACCATALYST = NO;
				SWIFT_EMIT_LOC_STRINGS = YES;
				TARGETED_DEVICE_FAMILY = "1,2";
			};
			name = Debug;
		};
		DD3F495F7D6A5AA1C1769021 /* Debug */ = {
			isa = XCBuildConfiguration;
			buildSettings = {
				BUNDLE_LOADER = "$(TEST_HOST)";
				CODE_SIGN_STYLE = Automatic;
				GENERATE_INFOPLIST_FILE = YES;
				PRODUCT_BUNDLE_IDENTIFIER = com.mariosinclair.lifeislearned.tests;
				PRODUCT_NAME = "$(TARGET_NAME)";
				SUPPORTED_PLATFORMS = "iphoneos iphonesimulator";
				TARGETED_DEVICE_FAMILY = "1,2";
				TEST_HOST = "$(BUILT_PRODUCTS_DIR)/LifeIsLearned.app/$(BUNDLE_EXECUTABLE_FOLDER_PATH)/LifeIsLearned";
			};
			name = Debug;
		};
		E670BC2FFE794172EBC92AE3 /* Release */ = {
			isa = XCBuildConfiguration;
			buildSettings = {
				BUNDLE_LOADER = "$(TEST_HOST)";
				CODE_SIGN_STYLE = Automatic;
				GENERATE_INFOPLIST_FILE = YES;
				PRODUCT_BUNDLE_IDENTIFIER = com.mariosinclair.lifeislearned.tests;
				PRODUCT_NAME = "$(TARGET_NAME)";
				SUPPORTED_PLATFORMS = "iphoneos iphonesimulator";
				TARGETED_DEVICE_FAMILY = "1,2";
				TEST_HOST = "$(BUILT_PRODUCTS_DIR)/LifeIsLearned.app/$(BUNDLE_EXECUTABLE_FOLDER_PATH)/LifeIsLearned";
			};
			name = Release;
		};
/* End XCBuildConfiguration section */

/* Begin XCConfigurationList section */
		06CB67C35A91E16DBD17B949 /* Build configuration list for PBXNativeTarget "LifeIsLearned" */ = {
			isa = XCConfigurationList;
			buildConfigurations = (
				B00CCDD09424E369308D67FA /* Debug */,
				1B104479E55E37CF8A63CBDF /* Release */,
			);
			defaultConfigurationIsVisible = 0;
			defaultConfigurationName = Release;
		};
		5FA394EFD07597E96CACD8E1 /* Build configuration list for PBXNativeTarget "LifeIsLearnedTests" */ = {
			isa = XCConfigurationList;
			buildConfigurations = (
				DD3F495F7D6A5AA1C1769021 /* Debug */,
				E670BC2FFE794172EBC92AE3 /* Release */,
			);
			defaultConfigurationIsVisible = 0;
			defaultConfigurationName = Release;
		};
		76F8DEC3DFE0BDB465198890 /* Build configuration list for PBXProject "LifeIsLearned" */ = {
			isa = XCConfigurationList;
			buildConfigurations = (
				73EBF6644258C120893E685D /* Debug */,
				0B0C687DF8B6B8DC790B519C /* Release */,
			);
			defaultConfigurationIsVisible = 0;
			defaultConfigurationName = Release;
		};
/* End XCConfigurationList section */
	};
	rootObject = 244210E48437B6556980A702 /* Project object */;
}
