// !$*UTF8*$!
{
	archiveVersion = 1;
	classes = {
	};
	objectVersion = 56;
	objects = {

/* Begin PBXBuildFile section */
		067278BF96A7DCA696EAE338 /* ReaderView.swift in Sources */ = {isa = PBXBuildFile; fileRef = DA1DB05E9EE692B4F8170AA9 /* ReaderView.swift */; };
		1D0B9EAD7C09C4B94EA24F6F /* PlaybackSettings.swift in Sources */ = {isa = PBXBuildFile; fileRef = 737AB2CF9CFB2B8399AB4DAB /* PlaybackSettings.swift */; };
		2CBAC498C71C1FE9458BF11F /* LibraryView.swift in Sources */ = {isa = PBXBuildFile; fileRef = 3CA530377942251DF3E857C7 /* LibraryView.swift */; };
		4DBA062F642CCA22512E160A /* Assets.xcassets in Resources */ = {isa = PBXBuildFile; fileRef = B13607AED7C3F6DF7150EB08 /* Assets.xcassets */; };
		57EBFDFA3C95028B1582FB6F /* starter.json in Resources */ = {isa = PBXBuildFile; fileRef = 2E74DFDCF724C90D20F7B247 /* starter.json */; };
		89716BCC15850977F645FB65 /* LessonSessionTests.swift in Sources */ = {isa = PBXBuildFile; fileRef = 246F684ECF776260D1120241 /* LessonSessionTests.swift */; };
		9D3DB35349AF4175B994CC4B /* SpeechPlayer.swift in Sources */ = {isa = PBXBuildFile; fileRef = 785391E0DDEBEA36D8466EC4 /* SpeechPlayer.swift */; };
		A1C4AEF683C991BD4056BAC0 /* LifeIsLearnedApp.swift in Sources */ = {isa = PBXBuildFile; fileRef = 015DBCEC91D6614BBE1582F0 /* LifeIsLearnedApp.swift */; };
		C1FA337C770FDC265C2C0E53 /* SettingsView.swift in Sources */ = {isa = PBXBuildFile; fileRef = D1EFC3658131F81590D9E481 /* SettingsView.swift */; };
		E37735665CB3660075D470EF /* Components.swift in Sources */ = {isa = PBXBuildFile; fileRef = B7B157575EC184C68EA87A9B /* Components.swift */; };
		EF28063157974F05DA44D1AE /* LessonPackage.swift in Sources */ = {isa = PBXBuildFile; fileRef = 1ACA3B93E1778F00494B3656 /* LessonPackage.swift */; };
		F3EB0414900FBDDD7C8F5B48 /* LibraryStore.swift in Sources */ = {isa = PBXBuildFile; fileRef = 055E2254DDB3A9D1A0BC1913 /* LibraryStore.swift */; };
		FFC4291F46F5EE7FE2B53814 /* LessonSession.swift in Sources */ = {isa = PBXBuildFile; fileRef = FD835B05F1625D3105D7ABF0 /* LessonSession.swift */; };
		A8508970907E434F39310A08 /* PresentationTests.swift in Sources */ = {isa = PBXBuildFile; fileRef = B48C70D94F0EC51603D0A8E2 /* PresentationTests.swift */; };
		E2A1AF1A4531CD5595341879 /* CollectionContract.swift in Sources */ = {isa = PBXBuildFile; fileRef = 7EE96609AD1BF9D27B917EC7 /* CollectionContract.swift */; };
		551794A1EA5F24D6A47528D6 /* LearningDestination.swift in Sources */ = {isa = PBXBuildFile; fileRef = 960FE3BF4C1355FE54812F6B /* LearningDestination.swift */; };
		DC9E81A33DD5BAC54D036087 /* LessonProgress.swift in Sources */ = {isa = PBXBuildFile; fileRef = A2738E4B8B93B9561C9823BA /* LessonProgress.swift */; };
		26FC8084BBE938B899BCC4AE /* CollectionStorage.swift in Sources */ = {isa = PBXBuildFile; fileRef = F3A50A4456B2AF5DAAF19A50 /* CollectionStorage.swift */; };
		BFC6FA1035297D3BC08B1869 /* ArtworkView.swift in Sources */ = {isa = PBXBuildFile; fileRef = 10A4BC228F4C7BFF10C8920A /* ArtworkView.swift */; };
		19C51F25A6A82A177C5D54AD /* BookDetailView.swift in Sources */ = {isa = PBXBuildFile; fileRef = F3EC1A55E51E1B6440D12852 /* BookDetailView.swift */; };
		947B6245CE9471EFC8D20871 /* DesignSystem.swift in Sources */ = {isa = PBXBuildFile; fileRef = B5D3FC91EAEBE41989E79854 /* DesignSystem.swift */; };
		3B85EB96940873F0D64CF726 /* ImportReviewView.swift in Sources */ = {isa = PBXBuildFile; fileRef = 9F2CF6511CF75E73B5DC6ADE /* ImportReviewView.swift */; };
		F1B7A29A3F249062B7E35628 /* LearningHomeComponents.swift in Sources */ = {isa = PBXBuildFile; fileRef = 741A503EF1FB02839939F5DC /* LearningHomeComponents.swift */; };
		6244258689441C9E03930DF9 /* LessonCompletionView.swift in Sources */ = {isa = PBXBuildFile; fileRef = 2F9078A2E37A29D541199F2B /* LessonCompletionView.swift */; };
		739F3E70DF2AF374EBDB6F2F /* NarrationText.swift in Sources */ = {isa = PBXBuildFile; fileRef = B963CF0B8D759836F5E043AD /* NarrationText.swift */; };
		D113C52EA0DCADA60FC95239 /* PracticeView.swift in Sources */ = {isa = PBXBuildFile; fileRef = F3FE5D9E735A2497EDB38684 /* PracticeView.swift */; };
		AEEC1A35EEEF85F298599F08 /* SourcesView.swift in Sources */ = {isa = PBXBuildFile; fileRef = 4F401CD2319BEF8E57BC7B91 /* SourcesView.swift */; };
		83FF6BB06B5CBAA1F9350959 /* TakeawayCard.swift in Sources */ = {isa = PBXBuildFile; fileRef = 77B535E0AD728E041117DDB6 /* TakeawayCard.swift */; };
		02ADA44CE7FF22E4A418BC8D /* CollectionTests.swift in Sources */ = {isa = PBXBuildFile; fileRef = 7C42D34CE1AA1573D0254555 /* CollectionTests.swift */; };
		8AD91FB46F938B25756EB0D4 /* ResumeTests.swift in Sources */ = {isa = PBXBuildFile; fileRef = 911FFA0F4A0172E51E17276A /* ResumeTests.swift */; };
		F2092C22456548D145E34BF3 /* LearningJourneyUITests.swift in Sources */ = {isa = PBXBuildFile; fileRef = 1EDB09FE97F26A647248965A; };
		C8AC3D4EA958A1462AECD6B0 /* LessonTiming.swift */ = {isa = PBXBuildFile; fileRef = 74E6E0E54A8396D5C027DDEC; };
		99133B5FA67877419A88A69B /* ContentPolicyTests.swift */ = {isa = PBXBuildFile; fileRef = 619BE1436C7606DD98BB9948; };
		686D6B17D709CD9CCD36CDF5 /* PremiumNarrationTimingTests.swift */ = {isa = PBXBuildFile; fileRef = 3477BC317B06409A9365BF8B; };
		604489C2A692127D676820BE /* Example-Lesson-Package.json */ = {isa = PBXBuildFile; fileRef = A200E34B03B55278067A26DA; };
		D370502EF64D30A8291BF3ED /* IdeaCardRecord.swift in Sources */ = {isa = PBXBuildFile; fileRef = 44608A7C347CB4E93C2C4822; };
		3E93BB94B3269F1F1D1F82CF /* IdeaCardStorage.swift in Sources */ = {isa = PBXBuildFile; fileRef = 2475A34BAF033E5A6BC3E852; };
		AE3386D9C30CDD4FD9BAF029 /* IdeaCollectionView.swift in Sources */ = {isa = PBXBuildFile; fileRef = 11AB4BF28D4FD37C82C5A64A; };
		079A47250AE0EB50C968FDE9 /* IdeaCardView.swift in Sources */ = {isa = PBXBuildFile; fileRef = 90524A9E03A9857C3B980EE6; };
		B9731486EF261ED72825AB1C /* IdeaCardGrid.swift in Sources */ = {isa = PBXBuildFile; fileRef = 06B7124FC4DA8EC313B17F5F; };
		D2CE79EEA52F1BCA480F9332 /* IdeaCardCarousel.swift in Sources */ = {isa = PBXBuildFile; fileRef = A5F7D08E609A53D855FDF95E; };
		2D2CC0FA5215A71F730E0774 /* FavoriteCardBorder.swift in Sources */ = {isa = PBXBuildFile; fileRef = 42617E37A679533EE189C9BF; };
		6AB177430AF0F10D4939D760 /* LessonJourneyView.swift in Sources */ = {isa = PBXBuildFile; fileRef = C96DF269888BF9A336EDFEAD; };
		A15CFF0AEBE28467C7388448 /* IdeaCardTests.swift in Sources */ = {isa = PBXBuildFile; fileRef = 5FC3C42DD5BF08D1692D0E1F; };
		D2632AF2E902FC462C73BD79 /* IdeaCardFixture.swift in Sources */ = {isa = PBXBuildFile; fileRef = 3AF723EC05F67B7A4D0E9A15; };
		424FD54B6DFDDF152509AA78 /* IdeaCardPresentationTests.swift in Sources */ = {isa = PBXBuildFile; fileRef = 12192D0E8E49F7F45772B17D; };
		4DEF3E397B5055751EEE2F0E /* IdeaCollectionUITests.swift in Sources */ = {isa = PBXBuildFile; fileRef = 7233ED48EC65F20E7DA38E68; };
		A354F1CA1388904ED4799A0C /* IdeaGridAccessibility.swift in Sources */ = {isa = PBXBuildFile; fileRef = 2F803D637FE660296EC215B1; };
		500987EE53944517951EE5C4 = {isa = PBXBuildFile; fileRef = F74E90B096CB57B043588A68; };
		B5B9D68559991A40238FAF13 = {isa = PBXBuildFile; fileRef = D79EE5C872371B2170E9D59D; };
		421121DEAD2E50083FC72484 = {isa = PBXBuildFile; fileRef = 7ACDEE7CCB936F1F8A1EE425; };
		B68C1435ECBE219F01839756 /* CompletionFeedback.swift */ = {isa = PBXBuildFile; fileRef = 7143A3C84854FF8DF75D205E; };
		F88275A7B1AA9F5F298B2464 /* InsightBloom.swift */ = {isa = PBXBuildFile; fileRef = CC850CCD7785A63ECF839B8C; };
		288EB5E26040EC0401807DFA /* Handoff005ATests.swift */ = {isa = PBXBuildFile; fileRef = 08090B25E3A3BB79DC973747; };
		D929833BF5DAF2008D529684 /* insight-bloom.wav */ = {isa = PBXBuildFile; fileRef = C2E1D6168CE014EBB26D13A1; };
		88C46ED34292F32BC9EEF0A9 /* LibraryState.swift */ = {isa = PBXBuildFile; fileRef = CF2A18B3CEF443026D780402; };
		5EB553586FF4C7DFD4D09627 /* LibraryStorage.swift */ = {isa = PBXBuildFile; fileRef = B0255A47477991DB51156AB9; };
		348C5C4A5CA548CC7A899893 /* LibraryV3Tests.swift */ = {isa = PBXBuildFile; fileRef = 6F31254E17700220FB9DB8C5; };
		8B5A4411F966910E18A9AF0B /* BookHistoryView.swift */ = {isa = PBXBuildFile; fileRef = 2DF3F4D494B0497633A35172; };
		9A0446560A86BD12DC054B66 /* Catalog-001.json */ = {isa = PBXBuildFile; fileRef = 01871CBFB66CDAEDA3552511; };
		12506EC0B499FAA1F6CC0C28 /* Remote-Catalog-001.json */ = {isa = PBXBuildFile; fileRef = AD3CB9CE9757BB37BD5E9194; };
		2F822CC06D21B5FF349B61B3 /* DiscoveryCatalog.swift */ = {isa = PBXBuildFile; fileRef = 527F8C6A868325F28B713B75; };
		3ADF382E5ECD0C2DCA341EA7 /* RemoteConfiguration.swift */ = {isa = PBXBuildFile; fileRef = A8DFDF9C9ABDF9E839E3DC2C; };
		B8F7DCC70DA25170FE0D435F /* DiscoveryService.swift */ = {isa = PBXBuildFile; fileRef = F7C7B5E19FB1BE66CD7EFD2D; };
		E73188FB06048AF1E91EE089 /* PackageDownloadService.swift */ = {isa = PBXBuildFile; fileRef = 580DBCA082C92AA87EA455B5; };
		FC5825D71C165A8CE8A95181 /* DiscoveryView.swift */ = {isa = PBXBuildFile; fileRef = 6D80DA146ECE5967D6540A43; };
		AAFD282596ED272DC37AB758 /* DiscoveryTests.swift */ = {isa = PBXBuildFile; fileRef = 0ECAB63461C6224B4C04EE08; };
		9EDDBB67BDB7E7C92BD7CDD9 /* DiscoveryFixture.swift */ = {isa = PBXBuildFile; fileRef = DFFBFE7F007AD1ADCD4551A1; };
/* End PBXBuildFile section */

/* Begin PBXContainerItemProxy section */
		1241936D4DD3AAD68FE7BFBD /* PBXContainerItemProxy */ = {
			isa = PBXContainerItemProxy;
			containerPortal = 244210E48437B6556980A702 /* Project object */;
			proxyType = 1;
			remoteGlobalIDString = C1E9827DB735CA9BAA54A540;
			remoteInfo = LifeIsLearned;
		};
/* End PBXContainerItemProxy section */

/* Begin PBXFileReference section */
		015DBCEC91D6614BBE1582F0 /* LifeIsLearnedApp.swift */ = {isa = PBXFileReference; lastKnownFileType = sourcecode.swift; path = LifeIsLearnedApp.swift; sourceTree = "<group>"; };
		055E2254DDB3A9D1A0BC1913 /* LibraryStore.swift */ = {isa = PBXFileReference; lastKnownFileType = sourcecode.swift; path = LibraryStore.swift; sourceTree = "<group>"; };
		1ACA3B93E1778F00494B3656 /* LessonPackage.swift */ = {isa = PBXFileReference; lastKnownFileType = sourcecode.swift; path = LessonPackage.swift; sourceTree = "<group>"; };
		246F684ECF776260D1120241 /* LessonSessionTests.swift */ = {isa = PBXFileReference; lastKnownFileType = sourcecode.swift; path = LessonSessionTests.swift; sourceTree = "<group>"; };
		2E74DFDCF724C90D20F7B247 /* starter.json */ = {isa = PBXFileReference; lastKnownFileType = text.json; path = starter.json; sourceTree = "<group>"; };
		3CA530377942251DF3E857C7 /* LibraryView.swift */ = {isa = PBXFileReference; lastKnownFileType = sourcecode.swift; path = LibraryView.swift; sourceTree = "<group>"; };
		681C948D238C526E9E3424E0 /* LifeIsLearned.app */ = {isa = PBXFileReference; explicitFileType = wrapper.application; path = LifeIsLearned.app; sourceTree = BUILT_PRODUCTS_DIR; };
		737AB2CF9CFB2B8399AB4DAB /* PlaybackSettings.swift */ = {isa = PBXFileReference; lastKnownFileType = sourcecode.swift; path = PlaybackSettings.swift; sourceTree = "<group>"; };
		785391E0DDEBEA36D8466EC4 /* SpeechPlayer.swift */ = {isa = PBXFileReference; lastKnownFileType = sourcecode.swift; path = SpeechPlayer.swift; sourceTree = "<group>"; };
		B13607AED7C3F6DF7150EB08 /* Assets.xcassets */ = {isa = PBXFileReference; lastKnownFileType = folder.assetcatalog; path = Assets.xcassets; sourceTree = "<group>"; };
		B7B157575EC184C68EA87A9B /* Components.swift */ = {isa = PBXFileReference; lastKnownFileType = sourcecode.swift; path = Components.swift; sourceTree = "<group>"; };
		D1EFC3658131F81590D9E481 /* SettingsView.swift */ = {isa = PBXFileReference; lastKnownFileType = sourcecode.swift; path = SettingsView.swift; sourceTree = "<group>"; };
		DA1DB05E9EE692B4F8170AA9 /* ReaderView.swift */ = {isa = PBXFileReference; lastKnownFileType = sourcecode.swift; path = ReaderView.swift; sourceTree = "<group>"; };
		F739566ED5280322FF98A798 /* LifeIsLearnedTests.xctest */ = {isa = PBXFileReference; explicitFileType = wrapper.cfbundle; path = LifeIsLearnedTests.xctest; sourceTree = BUILT_PRODUCTS_DIR; };
		FD835B05F1625D3105D7ABF0 /* LessonSession.swift */ = {isa = PBXFileReference; lastKnownFileType = sourcecode.swift; path = LessonSession.swift; sourceTree = "<group>"; };
		B48C70D94F0EC51603D0A8E2 /* PresentationTests.swift */ = {isa = PBXFileReference; lastKnownFileType = sourcecode.swift; path = PresentationTests.swift; sourceTree = "<group>"; };
		7EE96609AD1BF9D27B917EC7 /* CollectionContract.swift */ = {isa = PBXFileReference; lastKnownFileType = sourcecode.swift; path = CollectionContract.swift; sourceTree = "<group>"; };
		960FE3BF4C1355FE54812F6B /* LearningDestination.swift */ = {isa = PBXFileReference; lastKnownFileType = sourcecode.swift; path = LearningDestination.swift; sourceTree = "<group>"; };
		A2738E4B8B93B9561C9823BA /* LessonProgress.swift */ = {isa = PBXFileReference; lastKnownFileType = sourcecode.swift; path = LessonProgress.swift; sourceTree = "<group>"; };
		F3A50A4456B2AF5DAAF19A50 /* CollectionStorage.swift */ = {isa = PBXFileReference; lastKnownFileType = sourcecode.swift; path = CollectionStorage.swift; sourceTree = "<group>"; };
		10A4BC228F4C7BFF10C8920A /* ArtworkView.swift */ = {isa = PBXFileReference; lastKnownFileType = sourcecode.swift; path = ArtworkView.swift; sourceTree = "<group>"; };
		F3EC1A55E51E1B6440D12852 /* BookDetailView.swift */ = {isa = PBXFileReference; lastKnownFileType = sourcecode.swift; path = BookDetailView.swift; sourceTree = "<group>"; };
		B5D3FC91EAEBE41989E79854 /* DesignSystem.swift */ = {isa = PBXFileReference; lastKnownFileType = sourcecode.swift; path = DesignSystem.swift; sourceTree = "<group>"; };
		9F2CF6511CF75E73B5DC6ADE /* ImportReviewView.swift */ = {isa = PBXFileReference; lastKnownFileType = sourcecode.swift; path = ImportReviewView.swift; sourceTree = "<group>"; };
		741A503EF1FB02839939F5DC /* LearningHomeComponents.swift */ = {isa = PBXFileReference; lastKnownFileType = sourcecode.swift; path = LearningHomeComponents.swift; sourceTree = "<group>"; };
		2F9078A2E37A29D541199F2B /* LessonCompletionView.swift */ = {isa = PBXFileReference; lastKnownFileType = sourcecode.swift; path = LessonCompletionView.swift; sourceTree = "<group>"; };
		B963CF0B8D759836F5E043AD /* NarrationText.swift */ = {isa = PBXFileReference; lastKnownFileType = sourcecode.swift; path = NarrationText.swift; sourceTree = "<group>"; };
		F3FE5D9E735A2497EDB38684 /* PracticeView.swift */ = {isa = PBXFileReference; lastKnownFileType = sourcecode.swift; path = PracticeView.swift; sourceTree = "<group>"; };
		4F401CD2319BEF8E57BC7B91 /* SourcesView.swift */ = {isa = PBXFileReference; lastKnownFileType = sourcecode.swift; path = SourcesView.swift; sourceTree = "<group>"; };
		77B535E0AD728E041117DDB6 /* TakeawayCard.swift */ = {isa = PBXFileReference; lastKnownFileType = sourcecode.swift; path = TakeawayCard.swift; sourceTree = "<group>"; };
		7C42D34CE1AA1573D0254555 /* CollectionTests.swift */ = {isa = PBXFileReference; lastKnownFileType = sourcecode.swift; path = CollectionTests.swift; sourceTree = "<group>"; };
		911FFA0F4A0172E51E17276A /* ResumeTests.swift */ = {isa = PBXFileReference; lastKnownFileType = sourcecode.swift; path = ResumeTests.swift; sourceTree = "<group>"; };
		1EDB09FE97F26A647248965A /* LearningJourneyUITests.swift */ = {isa = PBXFileReference; lastKnownFileType = sourcecode.swift; path = LearningJourneyUITests.swift; sourceTree = "<group>"; };
		197ACBCE178086083DF2C68A /* LifeIsLearnedUITests.xctest */ = {isa = PBXFileReference; explicitFileType = wrapper.cfbundle; path = LifeIsLearnedUITests.xctest; sourceTree = BUILT_PRODUCTS_DIR; };
		74E6E0E54A8396D5C027DDEC /* LessonTiming.swift */ = {isa = PBXFileReference; lastKnownFileType = sourcecode.swift; path = "LessonTiming.swift"; sourceTree = "<group>"; };
		619BE1436C7606DD98BB9948 /* ContentPolicyTests.swift */ = {isa = PBXFileReference; lastKnownFileType = sourcecode.swift; path = "ContentPolicyTests.swift"; sourceTree = "<group>"; };
		3477BC317B06409A9365BF8B /* PremiumNarrationTimingTests.swift */ = {isa = PBXFileReference; lastKnownFileType = sourcecode.swift; path = "PremiumNarrationTimingTests.swift"; sourceTree = "<group>"; };
		A200E34B03B55278067A26DA /* Example-Lesson-Package.json */ = {isa = PBXFileReference; lastKnownFileType = text.json; path = "../Example-Lesson-Package.json"; sourceTree = "<group>"; };
		44608A7C347CB4E93C2C4822 /* IdeaCardRecord.swift */ = {isa = PBXFileReference; lastKnownFileType = sourcecode.swift; path = IdeaCardRecord.swift; sourceTree = "<group>"; };
		2475A34BAF033E5A6BC3E852 /* IdeaCardStorage.swift */ = {isa = PBXFileReference; lastKnownFileType = sourcecode.swift; path = IdeaCardStorage.swift; sourceTree = "<group>"; };
		11AB4BF28D4FD37C82C5A64A /* IdeaCollectionView.swift */ = {isa = PBXFileReference; lastKnownFileType = sourcecode.swift; path = IdeaCollectionView.swift; sourceTree = "<group>"; };
		90524A9E03A9857C3B980EE6 /* IdeaCardView.swift */ = {isa = PBXFileReference; lastKnownFileType = sourcecode.swift; path = IdeaCardView.swift; sourceTree = "<group>"; };
		06B7124FC4DA8EC313B17F5F /* IdeaCardGrid.swift */ = {isa = PBXFileReference; lastKnownFileType = sourcecode.swift; path = IdeaCardGrid.swift; sourceTree = "<group>"; };
		A5F7D08E609A53D855FDF95E /* IdeaCardCarousel.swift */ = {isa = PBXFileReference; lastKnownFileType = sourcecode.swift; path = IdeaCardCarousel.swift; sourceTree = "<group>"; };
		42617E37A679533EE189C9BF /* FavoriteCardBorder.swift */ = {isa = PBXFileReference; lastKnownFileType = sourcecode.swift; path = FavoriteCardBorder.swift; sourceTree = "<group>"; };
		C96DF269888BF9A336EDFEAD /* LessonJourneyView.swift */ = {isa = PBXFileReference; lastKnownFileType = sourcecode.swift; path = LessonJourneyView.swift; sourceTree = "<group>"; };
		5FC3C42DD5BF08D1692D0E1F /* IdeaCardTests.swift */ = {isa = PBXFileReference; lastKnownFileType = sourcecode.swift; path = IdeaCardTests.swift; sourceTree = "<group>"; };
		3AF723EC05F67B7A4D0E9A15 /* IdeaCardFixture.swift */ = {isa = PBXFileReference; lastKnownFileType = sourcecode.swift; path = IdeaCardFixture.swift; sourceTree = "<group>"; };
		12192D0E8E49F7F45772B17D /* IdeaCardPresentationTests.swift */ = {isa = PBXFileReference; lastKnownFileType = sourcecode.swift; path = IdeaCardPresentationTests.swift; sourceTree = "<group>"; };
		7233ED48EC65F20E7DA38E68 /* IdeaCollectionUITests.swift */ = {isa = PBXFileReference; lastKnownFileType = sourcecode.swift; path = IdeaCollectionUITests.swift; sourceTree = "<group>"; };
		2F803D637FE660296EC215B1 /* IdeaGridAccessibility.swift */ = {isa = PBXFileReference; lastKnownFileType = sourcecode.swift; path = IdeaGridAccessibility.swift; sourceTree = "<group>"; };
		F74E90B096CB57B043588A68 = {isa = PBXFileReference; lastKnownFileType = sourcecode.swift; path = SixStageLesson.swift; sourceTree = "<group>"; };
		D79EE5C872371B2170E9D59D = {isa = PBXFileReference; lastKnownFileType = sourcecode.swift; path = LessonProgressIndicator.swift; sourceTree = "<group>"; };
		7ACDEE7CCB936F1F8A1EE425 = {isa = PBXFileReference; lastKnownFileType = sourcecode.swift; path = SixStageLessonTests.swift; sourceTree = "<group>"; };
		7143A3C84854FF8DF75D205E /* CompletionFeedback.swift */ = {isa = PBXFileReference; lastKnownFileType = sourcecode.swift; path = "CompletionFeedback.swift"; sourceTree = "<group>"; };
		CC850CCD7785A63ECF839B8C /* InsightBloom.swift */ = {isa = PBXFileReference; lastKnownFileType = sourcecode.swift; path = "InsightBloom.swift"; sourceTree = "<group>"; };
		08090B25E3A3BB79DC973747 /* Handoff005ATests.swift */ = {isa = PBXFileReference; lastKnownFileType = sourcecode.swift; path = "Handoff005ATests.swift"; sourceTree = "<group>"; };
		C2E1D6168CE014EBB26D13A1 /* insight-bloom.wav */ = {isa = PBXFileReference; lastKnownFileType = audio.wav; path = "insight-bloom.wav"; sourceTree = "<group>"; };
		CF2A18B3CEF443026D780402 /* LibraryState.swift */ = {isa = PBXFileReference; lastKnownFileType = sourcecode.swift; path = "LibraryState.swift"; sourceTree = "<group>"; };
		B0255A47477991DB51156AB9 /* LibraryStorage.swift */ = {isa = PBXFileReference; lastKnownFileType = sourcecode.swift; path = "LibraryStorage.swift"; sourceTree = "<group>"; };
		6F31254E17700220FB9DB8C5 /* LibraryV3Tests.swift */ = {isa = PBXFileReference; lastKnownFileType = sourcecode.swift; path = "LibraryV3Tests.swift"; sourceTree = "<group>"; };
		2DF3F4D494B0497633A35172 /* BookHistoryView.swift */ = {isa = PBXFileReference; lastKnownFileType = sourcecode.swift; path = "BookHistoryView.swift"; sourceTree = "<group>"; };
		01871CBFB66CDAEDA3552511 /* Catalog-001.json */ = {isa = PBXFileReference; lastKnownFileType = text.json; path = "../../Catalog/Catalog-001.json"; sourceTree = "<group>"; };
		AD3CB9CE9757BB37BD5E9194 /* Remote-Catalog-001.json */ = {isa = PBXFileReference; lastKnownFileType = text.json; path = "../../Catalog/Remote-Catalog-001.json"; sourceTree = "<group>"; };
		527F8C6A868325F28B713B75 /* DiscoveryCatalog.swift */ = {isa = PBXFileReference; lastKnownFileType = sourcecode.swift; path = "DiscoveryCatalog.swift"; sourceTree = "<group>"; };
		A8DFDF9C9ABDF9E839E3DC2C /* RemoteConfiguration.swift */ = {isa = PBXFileReference; lastKnownFileType = sourcecode.swift; path = "RemoteConfiguration.swift"; sourceTree = "<group>"; };
		F7C7B5E19FB1BE66CD7EFD2D /* DiscoveryService.swift */ = {isa = PBXFileReference; lastKnownFileType = sourcecode.swift; path = "DiscoveryService.swift"; sourceTree = "<group>"; };
		580DBCA082C92AA87EA455B5 /* PackageDownloadService.swift */ = {isa = PBXFileReference; lastKnownFileType = sourcecode.swift; path = "PackageDownloadService.swift"; sourceTree = "<group>"; };
		6D80DA146ECE5967D6540A43 /* DiscoveryView.swift */ = {isa = PBXFileReference; lastKnownFileType = sourcecode.swift; path = "DiscoveryView.swift"; sourceTree = "<group>"; };
		0ECAB63461C6224B4C04EE08 /* DiscoveryTests.swift */ = {isa = PBXFileReference; lastKnownFileType = sourcecode.swift; path = "DiscoveryTests.swift"; sourceTree = "<group>"; };
		DFFBFE7F007AD1ADCD4551A1 /* DiscoveryFixture.swift */ = {isa = PBXFileReference; lastKnownFileType = sourcecode.swift; path = "DiscoveryFixture.swift"; sourceTree = "<group>"; };
/* End PBXFileReference section */

/* Begin PBXFrameworksBuildPhase section */
		7A4C2DC8FCA657188648E999 /* Frameworks */ = {
			isa = PBXFrameworksBuildPhase;
			buildActionMask = 2147483647;
			files = (
			);
			runOnlyForDeploymentPostprocessing = 0;
		};
		B10CDED79664567B030B2B4F /* Frameworks */ = {
			isa = PBXFrameworksBuildPhase;
			buildActionMask = 2147483647;
			files = (
			);
			runOnlyForDeploymentPostprocessing = 0;
		};
		41FE116E66BDA8193CB57524 = {isa = PBXFrameworksBuildPhase; buildActionMask = 2147483647; files = (); runOnlyForDeploymentPostprocessing = 0; };
/* End PBXFrameworksBuildPhase section */

/* Begin PBXGroup section */
		0A3E27B8CA818264D75C8D81 /* Products */ = {
			isa = PBXGroup;
			children = (
				681C948D238C526E9E3424E0 /* LifeIsLearned.app */,
				F739566ED5280322FF98A798 /* LifeIsLearnedTests.xctest */,
				197ACBCE178086083DF2C68A /* LifeIsLearnedUITests.xctest */,
			);
			name = Products;
			sourceTree = "<group>";
		};
		19F479106CE8C3BA8C106518 = {
			isa = PBXGroup;
			children = (
				FC233BDA2344D97687F5A251 /* LifeIsLearned */,
				C4E2E7F217DE3642E7714F4E /* Tests */,
				913D89A0BCA78AFA58CCD860 /* UITests */,
				0A3E27B8CA818264D75C8D81 /* Products */,
			);
			sourceTree = "<group>";
		};
		369366657F0CC118760331FE /* Resources */ = {
			isa = PBXGroup;
			children = (
				AD3CB9CE9757BB37BD5E9194 /* Remote-Catalog-001.json */,
				01871CBFB66CDAEDA3552511 /* Catalog-001.json */,
				C2E1D6168CE014EBB26D13A1 /* insight-bloom.wav */,
				2E74DFDCF724C90D20F7B247 /* starter.json */,
				B13607AED7C3F6DF7150EB08 /* Assets.xcassets */,
			);
			path = Resources;
			sourceTree = "<group>";
		};
		6B8B2B5CD808F874BF4EE1BA /* Services */ = {
			isa = PBXGroup;
			children = (
				DFFBFE7F007AD1ADCD4551A1 /* DiscoveryFixture.swift */,
				580DBCA082C92AA87EA455B5 /* PackageDownloadService.swift */,
				F7C7B5E19FB1BE66CD7EFD2D /* DiscoveryService.swift */,
				A8DFDF9C9ABDF9E839E3DC2C /* RemoteConfiguration.swift */,
				B0255A47477991DB51156AB9 /* LibraryStorage.swift */,
				7143A3C84854FF8DF75D205E /* CompletionFeedback.swift */,
				3AF723EC05F67B7A4D0E9A15 /* IdeaCardFixture.swift */,
				2475A34BAF033E5A6BC3E852 /* IdeaCardStorage.swift */,
				F3A50A4456B2AF5DAAF19A50 /* CollectionStorage.swift */,
				FD835B05F1625D3105D7ABF0 /* LessonSession.swift */,
				055E2254DDB3A9D1A0BC1913 /* LibraryStore.swift */,
				737AB2CF9CFB2B8399AB4DAB /* PlaybackSettings.swift */,
				785391E0DDEBEA36D8466EC4 /* SpeechPlayer.swift */,
			);
			path = Services;
			sourceTree = "<group>";
		};
		6C923F6D92369A43B16924F4 /* Views */ = {
			isa = PBXGroup;
			children = (
				6D80DA146ECE5967D6540A43 /* DiscoveryView.swift */,
				2DF3F4D494B0497633A35172 /* BookHistoryView.swift */,
				CC850CCD7785A63ECF839B8C /* InsightBloom.swift */,
				D79EE5C872371B2170E9D59D,
				2F803D637FE660296EC215B1 /* IdeaGridAccessibility.swift */,
				C96DF269888BF9A336EDFEAD /* LessonJourneyView.swift */,
				42617E37A679533EE189C9BF /* FavoriteCardBorder.swift */,
				A5F7D08E609A53D855FDF95E /* IdeaCardCarousel.swift */,
				06B7124FC4DA8EC313B17F5F /* IdeaCardGrid.swift */,
				90524A9E03A9857C3B980EE6 /* IdeaCardView.swift */,
				11AB4BF28D4FD37C82C5A64A /* IdeaCollectionView.swift */,
				77B535E0AD728E041117DDB6 /* TakeawayCard.swift */,
				4F401CD2319BEF8E57BC7B91 /* SourcesView.swift */,
				F3FE5D9E735A2497EDB38684 /* PracticeView.swift */,
				B963CF0B8D759836F5E043AD /* NarrationText.swift */,
				2F9078A2E37A29D541199F2B /* LessonCompletionView.swift */,
				741A503EF1FB02839939F5DC /* LearningHomeComponents.swift */,
				9F2CF6511CF75E73B5DC6ADE /* ImportReviewView.swift */,
				B5D3FC91EAEBE41989E79854 /* DesignSystem.swift */,
				F3EC1A55E51E1B6440D12852 /* BookDetailView.swift */,
				10A4BC228F4C7BFF10C8920A /* ArtworkView.swift */,
				B7B157575EC184C68EA87A9B /* Components.swift */,
				3CA530377942251DF3E857C7 /* LibraryView.swift */,
				DA1DB05E9EE692B4F8170AA9 /* ReaderView.swift */,
				D1EFC3658131F81590D9E481 /* SettingsView.swift */,
			);
			path = Views;
			sourceTree = "<group>";
		};
		A2A9809DAF0AEE6960B34B37 /* Models */ = {
			isa = PBXGroup;
			children = (
				527F8C6A868325F28B713B75 /* DiscoveryCatalog.swift */,
				CF2A18B3CEF443026D780402 /* LibraryState.swift */,
				F74E90B096CB57B043588A68,
				44608A7C347CB4E93C2C4822 /* IdeaCardRecord.swift */,
				74E6E0E54A8396D5C027DDEC /* LessonTiming.swift */,
				A2738E4B8B93B9561C9823BA /* LessonProgress.swift */,
				960FE3BF4C1355FE54812F6B /* LearningDestination.swift */,
				7EE96609AD1BF9D27B917EC7 /* CollectionContract.swift */,
				1ACA3B93E1778F00494B3656 /* LessonPackage.swift */,
			);
			path = Models;
			sourceTree = "<group>";
		};
		C4E2E7F217DE3642E7714F4E /* Tests */ = {
			isa = PBXGroup;
			children = (
				0ECAB63461C6224B4C04EE08 /* DiscoveryTests.swift */,
				6F31254E17700220FB9DB8C5 /* LibraryV3Tests.swift */,
				08090B25E3A3BB79DC973747 /* Handoff005ATests.swift */,
				7ACDEE7CCB936F1F8A1EE425,
				12192D0E8E49F7F45772B17D /* IdeaCardPresentationTests.swift */,
				5FC3C42DD5BF08D1692D0E1F /* IdeaCardTests.swift */,
				A200E34B03B55278067A26DA /* Example-Lesson-Package.json */,
				3477BC317B06409A9365BF8B /* PremiumNarrationTimingTests.swift */,
				619BE1436C7606DD98BB9948 /* ContentPolicyTests.swift */,
				911FFA0F4A0172E51E17276A /* ResumeTests.swift */,
				7C42D34CE1AA1573D0254555 /* CollectionTests.swift */,
				B48C70D94F0EC51603D0A8E2 /* PresentationTests.swift */,
				246F684ECF776260D1120241 /* LessonSessionTests.swift */,
			);
			path = Tests;
			sourceTree = "<group>";
		};
		FC233BDA2344D97687F5A251 /* LifeIsLearned */ = {
			isa = PBXGroup;
			children = (
				015DBCEC91D6614BBE1582F0 /* LifeIsLearnedApp.swift */,
				A2A9809DAF0AEE6960B34B37 /* Models */,
				6B8B2B5CD808F874BF4EE1BA /* Services */,
				6C923F6D92369A43B16924F4 /* Views */,
				369366657F0CC118760331FE /* Resources */,
			);
			path = LifeIsLearned;
			sourceTree = "<group>";
		};
		913D89A0BCA78AFA58CCD860 /* UITests */ = {isa = PBXGroup; children = (7233ED48EC65F20E7DA38E68,1EDB09FE97F26A647248965A,); path = UITests; sourceTree = "<group>"; };
/* End PBXGroup section */

/* Begin PBXNativeTarget section */
		9805CBD60EB4F66728D5D195 /* LifeIsLearnedTests */ = {
			isa = PBXNativeTarget;
			buildConfigurationList = 5FA394EFD07597E96CACD8E1 /* Build configuration list for PBXNativeTarget "LifeIsLearnedTests" */;
			buildPhases = (
				DEE94446A282611C16F7781C /* Sources */,
				B10CDED79664567B030B2B4F /* Frameworks */,
				1F030AB36D1A3A4389CF71AE /* Resources */,
			);
			buildRules = (
			);
			dependencies = (
				F26350DAFE3F19AABFD69AC4 /* PBXTargetDependency */,
			);
			name = LifeIsLearnedTests;
			productName = LifeIsLearnedTests;
			productReference = F739566ED5280322FF98A798 /* LifeIsLearnedTests.xctest */;
			productType = "com.apple.product-type.bundle.unit-test";
		};
		C1E9827DB735CA9BAA54A540 /* LifeIsLearned */ = {
			isa = PBXNativeTarget;
			buildConfigurationList = 06CB67C35A91E16DBD17B949 /* Build configuration list for PBXNativeTarget "LifeIsLearned" */;
			buildPhases = (
				AFF87A50730392B6633ACECE /* Sources */,
				7A4C2DC8FCA657188648E999 /* Frameworks */,
				F9187E824FE171A6F0EFAE28 /* Resources */,
			);
			buildRules = (
			);
			dependencies = (
			);
			name = LifeIsLearned;
			productName = LifeIsLearned;
			productReference = 681C948D238C526E9E3424E0 /* LifeIsLearned.app */;
			productType = "com.apple.product-type.application";
		};
		D51D0EF3057B859406AFEC9E /* LifeIsLearnedUITests */ = {isa = PBXNativeTarget; buildConfigurationList = FF7143CCF615217A6F1F241D; buildPhases = (B163B2B27B191635FF8E9FC8,41FE116E66BDA8193CB57524,); buildRules = (); dependencies = (F26350DAFE3F19AABFD69AC4,); name = LifeIsLearnedUITests; productName = LifeIsLearnedUITests; productReference = 197ACBCE178086083DF2C68A; productType = "com.apple.product-type.bundle.ui-testing"; };
/* End PBXNativeTarget section */

/* Begin PBXProject section */
		244210E48437B6556980A702 /* Project object */ = {
			isa = PBXProject;
			attributes = {
				LastUpgradeCheck = 1600;
				TargetAttributes = {
					9805CBD60EB4F66728D5D195 = {
						CreatedOnToolsVersion = 16.0;
						TestTargetID = C1E9827DB735CA9BAA54A540;
					};
					C1E9827DB735CA9BAA54A540 = {
						CreatedOnToolsVersion = 16.0;
					};
				};
			};
			buildConfigurationList = 76F8DEC3DFE0BDB465198890 /* Build configuration list for PBXProject "LifeIsLearned" */;
			compatibilityVersion = "Xcode 14.0";
			developmentRegion = en;
			hasScannedForEncodings = 0;
			knownRegions = (
				en,
				Base,
			);
			mainGroup = 19F479106CE8C3BA8C106518;
			productRefGroup = 0A3E27B8CA818264D75C8D81 /* Products */;
			projectDirPath = "";
			projectRoot = "";
			targets = (
				C1E9827DB735CA9BAA54A540 /* LifeIsLearned */,
				D51D0EF3057B859406AFEC9E /* LifeIsLearnedUITests */,
				9805CBD60EB4F66728D5D195 /* LifeIsLearnedTests */,
			);
		};
/* End PBXProject section */

/* Begin PBXResourcesBuildPhase section */
		1F030AB36D1A3A4389CF71AE /* Resources */ = {
			isa = PBXResourcesBuildPhase;
			buildActionMask = 2147483647;
			files = (
				604489C2A692127D676820BE /* Example-Lesson-Package.json */,
			);
			runOnlyForDeploymentPostprocessing = 0;
		};
		F9187E824FE171A6F0EFAE28 /* Resources */ = {
			isa = PBXResourcesBuildPhase;
			buildActionMask = 2147483647;
			files = (
				12506EC0B499FAA1F6CC0C28 /* Remote-Catalog-001.json */,
				9A0446560A86BD12DC054B66 /* Catalog-001.json */,
				D929833BF5DAF2008D529684 /* insight-bloom.wav */,
				57EBFDFA3C95028B1582FB6F /* starter.json in Resources */,
				4DBA062F642CCA22512E160A /* Assets.xcassets in Resources */,
			);
			runOnlyForDeploymentPostprocessing = 0;
		};
/* End PBXResourcesBuildPhase section */

/* Begin PBXSourcesBuildPhase section */
		AFF87A50730392B6633ACECE /* Sources */ = {
			isa = PBXSourcesBuildPhase;
			buildActionMask = 2147483647;
			files = (
				9EDDBB67BDB7E7C92BD7CDD9 /* DiscoveryFixture.swift */,
				FC5825D71C165A8CE8A95181 /* DiscoveryView.swift */,
				E73188FB06048AF1E91EE089 /* PackageDownloadService.swift */,
				B8F7DCC70DA25170FE0D435F /* DiscoveryService.swift */,
				3ADF382E5ECD0C2DCA341EA7 /* RemoteConfiguration.swift */,
				2F822CC06D21B5FF349B61B3 /* DiscoveryCatalog.swift */,
				8B5A4411F966910E18A9AF0B /* BookHistoryView.swift */,
				5EB553586FF4C7DFD4D09627 /* LibraryStorage.swift */,
				88C46ED34292F32BC9EEF0A9 /* LibraryState.swift */,
				F88275A7B1AA9F5F298B2464 /* InsightBloom.swift */,
				B68C1435ECBE219F01839756 /* CompletionFeedback.swift */,
				B5B9D68559991A40238FAF13,
				500987EE53944517951EE5C4,
				A354F1CA1388904ED4799A0C /* IdeaGridAccessibility.swift in Sources */,
				D2632AF2E902FC462C73BD79 /* IdeaCardFixture.swift in Sources */,
				6AB177430AF0F10D4939D760 /* LessonJourneyView.swift in Sources */,
				2D2CC0FA5215A71F730E0774 /* FavoriteCardBorder.swift in Sources */,
				D2CE79EEA52F1BCA480F9332 /* IdeaCardCarousel.swift in Sources */,
				B9731486EF261ED72825AB1C /* IdeaCardGrid.swift in Sources */,
				079A47250AE0EB50C968FDE9 /* IdeaCardView.swift in Sources */,
				AE3386D9C30CDD4FD9BAF029 /* IdeaCollectionView.swift in Sources */,
				3E93BB94B3269F1F1D1F82CF /* IdeaCardStorage.swift in Sources */,
				D370502EF64D30A8291BF3ED /* IdeaCardRecord.swift in Sources */,
				C8AC3D4EA958A1462AECD6B0 /* LessonTiming.swift */,
				83FF6BB06B5CBAA1F9350959 /* TakeawayCard.swift in Sources */,
				AEEC1A35EEEF85F298599F08 /* SourcesView.swift in Sources */,
				D113C52EA0DCADA60FC95239 /* PracticeView.swift in Sources */,
				739F3E70DF2AF374EBDB6F2F /* NarrationText.swift in Sources */,
				6244258689441C9E03930DF9 /* LessonCompletionView.swift in Sources */,
				F1B7A29A3F249062B7E35628 /* LearningHomeComponents.swift in Sources */,
				3B85EB96940873F0D64CF726 /* ImportReviewView.swift in Sources */,
				947B6245CE9471EFC8D20871 /* DesignSystem.swift in Sources */,
				19C51F25A6A82A177C5D54AD /* BookDetailView.swift in Sources */,
				BFC6FA1035297D3BC08B1869 /* ArtworkView.swift in Sources */,
				26FC8084BBE938B899BCC4AE /* CollectionStorage.swift in Sources */,
				DC9E81A33DD5BAC54D036087 /* LessonProgress.swift in Sources */,
				551794A1EA5F24D6A47528D6 /* LearningDestination.swift in Sources */,
				E2A1AF1A4531CD5595341879 /* CollectionContract.swift in Sources */,
				A1C4AEF683C991BD4056BAC0 /* LifeIsLearnedApp.swift in Sources */,
				EF28063157974F05DA44D1AE /* LessonPackage.swift in Sources */,
				FFC4291F46F5EE7FE2B53814 /* LessonSession.swift in Sources */,
				F3EB0414900FBDDD7C8F5B48 /* LibraryStore.swift in Sources */,
				1D0B9EAD7C09C4B94EA24F6F /* PlaybackSettings.swift in Sources */,
				9D3DB35349AF4175B994CC4B /* SpeechPlayer.swift in Sources */,
				E37735665CB3660075D470EF /* Components.swift in Sources */,
				2CBAC498C71C1FE9458BF11F /* LibraryView.swift in Sources */,
				067278BF96A7DCA696EAE338 /* ReaderView.swift in Sources */,
				C1FA337C770FDC265C2C0E53 /* SettingsView.swift in Sources */,
			);
			runOnlyForDeploymentPostprocessing = 0;
		};
		DEE94446A282611C16F7781C /* Sources */ = {
			isa = PBXSourcesBuildPhase;
			buildActionMask = 2147483647;
			files = (
				AAFD282596ED272DC37AB758 /* DiscoveryTests.swift */,
				348C5C4A5CA548CC7A899893 /* LibraryV3Tests.swift */,
				288EB5E26040EC0401807DFA /* Handoff005ATests.swift */,
				421121DEAD2E50083FC72484,
				424FD54B6DFDDF152509AA78 /* IdeaCardPresentationTests.swift in Sources */,
				A15CFF0AEBE28467C7388448 /* IdeaCardTests.swift in Sources */,
				686D6B17D709CD9CCD36CDF5 /* PremiumNarrationTimingTests.swift */,
				99133B5FA67877419A88A69B /* ContentPolicyTests.swift */,
				8AD91FB46F938B25756EB0D4 /* ResumeTests.swift in Sources */,
				02ADA44CE7FF22E4A418BC8D /* CollectionTests.swift in Sources */,
				A8508970907E434F39310A08 /* PresentationTests.swift in Sources */,
				89716BCC15850977F645FB65 /* LessonSessionTests.swift in Sources */,
			);
			runOnlyForDeploymentPostprocessing = 0;
		};
		B163B2B27B191635FF8E9FC8 = {isa = PBXSourcesBuildPhase; buildActionMask = 2147483647; files = (4DEF3E397B5055751EEE2F0E,F2092C22456548D145E34BF3,); runOnlyForDeploymentPostprocessing = 0; };
/* End PBXSourcesBuildPhase section */

/* Begin PBXTargetDependency section */
		F26350DAFE3F19AABFD69AC4 /* PBXTargetDependency */ = {
			isa = PBXTargetDependency;
			target = C1E9827DB735CA9BAA54A540 /* LifeIsLearned */;
			targetProxy = 1241936D4DD3AAD68FE7BFBD /* PBXContainerItemProxy */;
		};
/* End PBXTargetDependency section */

/* Begin XCBuildConfiguration section */
		0B0C687DF8B6B8DC790B519C /* Release */ = {
			isa = XCBuildConfiguration;
			buildSettings = {
				CLANG_ENABLE_MODULES = YES;
				CLANG_ENABLE_OBJC_ARC = YES;
				DEBUG_INFORMATION_FORMAT = "dwarf-with-dsym";
				IPHONEOS_DEPLOYMENT_TARGET = 17.0;
				SDKROOT = iphoneos;
				SWIFT_OPTIMIZATION_LEVEL = "-O";
				SWIFT_STRICT_CONCURRENCY = minimal;
				SWIFT_VERSION = 5.0;
			};
			name = Release;
		};
		1B104479E55E37CF8A63CBDF /* Release */ = {
			isa = XCBuildConfiguration;
			buildSettings = {
				CODE_SIGN_STYLE = Automatic;
				CURRENT_PROJECT_VERSION = 1;
				DEVELOPMENT_TEAM = 5SLVTRXAP8;
				GENERATE_INFOPLIST_FILE = YES;
				INFOPLIST_KEY_CFBundleDisplayName = "Life Is Learned";
				INFOPLIST_FILE = LifeIsLearned/Resources/App-Info.plist;
				INFOPLIST_KEY_LSRequiresIPhoneOS = YES;
				INFOPLIST_KEY_UIApplicationSceneManifest_Generation = YES;
				INFOPLIST_KEY_UILaunchScreen_Generation = YES;
				INFOPLIST_KEY_UISupportedInterfaceOrientations = "UIInterfaceOrientationPortrait UIInterfaceOrientationLandscapeLeft UIInterfaceOrientationLandscapeRight";
				INFOPLIST_KEY_UISupportedInterfaceOrientations_iPad = "UIInterfaceOrientationPortrait UIInterfaceOrientationPortraitUpsideDown UIInterfaceOrientationLandscapeLeft UIInterfaceOrientationLandscapeRight";
				MARKETING_VERSION = 1.0;
				PRODUCT_BUNDLE_IDENTIFIER = com.mariosinclair.lifeislearned;
				PRODUCT_NAME = "$(TARGET_NAME)";
				SUPPORTED_PLATFORMS = "iphoneos iphonesimulator";
				SUPPORTS_MACCATALYST = NO;
				SWIFT_EMIT_LOC_STRINGS = YES;
				TARGETED_DEVICE_FAMILY = "1,2";
			};
			name = Release;
		};
		73EBF6644258C120893E685D /* Debug */ = {
			isa = XCBuildConfiguration;
			buildSettings = {
				CLANG_ENABLE_MODULES = YES;
				CLANG_ENABLE_OBJC_ARC = YES;
				DEBUG_INFORMATION_FORMAT = dwarf;
				IPHONEOS_DEPLOYMENT_TARGET = 17.0;
				SDKROOT = iphoneos;
				SWIFT_ACTIVE_COMPILATION_CONDITIONS = DEBUG;
				SWIFT_ENABLE_TESTABILITY = YES;
				SWIFT_OPTIMIZATION_LEVEL = "-Onone";
				SWIFT_STRICT_CONCURRENCY = minimal;
				SWIFT_VERSION = 5.0;
			};
			name = Debug;
		};
		B00CCDD09424E369308D67FA /* Debug */ = {
			isa = XCBuildConfiguration;
			buildSettings = {
				CODE_SIGN_STYLE = Automatic;
				CURRENT_PROJECT_VERSION = 1;
				DEVELOPMENT_TEAM = 5SLVTRXAP8;
				GENERATE_INFOPLIST_FILE = YES;
				INFOPLIST_KEY_CFBundleDisplayName = "Life Is Learned";
				INFOPLIST_FILE = LifeIsLearned/Resources/App-Info.plist;
				INFOPLIST_KEY_LSRequiresIPhoneOS = YES;
				INFOPLIST_KEY_UIApplicationSceneManifest_Generation = YES;
				INFOPLIST_KEY_UILaunchScreen_Generation = YES;
				INFOPLIST_KEY_UISupportedInterfaceOrientations = "UIInterfaceOrientationPortrait UIInterfaceOrientationLandscapeLeft UIInterfaceOrientationLandscapeRight";
				INFOPLIST_KEY_UISupportedInterfaceOrientations_iPad = "UIInterfaceOrientationPortrait UIInterfaceOrientationPortraitUpsideDown UIInterfaceOrientationLandscapeLeft UIInterfaceOrientationLandscapeRight";
				MARKETING_VERSION = 1.0;
				PRODUCT_BUNDLE_IDENTIFIER = com.mariosinclair.lifeislearned;
				PRODUCT_NAME = "$(TARGET_NAME)";
				SUPPORTED_PLATFORMS = "iphoneos iphonesimulator";
				SUPPORTS_MACCATALYST = NO;
				SWIFT_EMIT_LOC_STRINGS = YES;
				TARGETED_DEVICE_FAMILY = "1,2";
			};
			name = Debug;
		};
		DD3F495F7D6A5AA1C1769021 /* Debug */ = {
			isa = XCBuildConfiguration;
			buildSettings = {
				BUNDLE_LOADER = "$(TEST_HOST)";
				CODE_SIGN_STYLE = Automatic;
				GENERATE_INFOPLIST_FILE = YES;
				PRODUCT_BUNDLE_IDENTIFIER = com.mariosinclair.lifeislearned.tests;
				PRODUCT_NAME = "$(TARGET_NAME)";
				SUPPORTED_PLATFORMS = "iphoneos iphonesimulator";
				TARGETED_DEVICE_FAMILY = "1,2";
				TEST_HOST = "$(BUILT_PRODUCTS_DIR)/LifeIsLearned.app/$(BUNDLE_EXECUTABLE_FOLDER_PATH)/LifeIsLearned";
			};
			name = Debug;
		};
		E670BC2FFE794172EBC92AE3 /* Release */ = {
			isa = XCBuildConfiguration;
			buildSettings = {
				BUNDLE_LOADER = "$(TEST_HOST)";
				CODE_SIGN_STYLE = Automatic;
				GENERATE_INFOPLIST_FILE = YES;
				PRODUCT_BUNDLE_IDENTIFIER = com.mariosinclair.lifeislearned.tests;
				PRODUCT_NAME = "$(TARGET_NAME)";
				SUPPORTED_PLATFORMS = "iphoneos iphonesimulator";
				TARGETED_DEVICE_FAMILY = "1,2";
				TEST_HOST = "$(BUILT_PRODUCTS_DIR)/LifeIsLearned.app/$(BUNDLE_EXECUTABLE_FOLDER_PATH)/LifeIsLearned";
			};
			name = Release;
		};
		7C233544B17DD67C39852A5C = {isa = XCBuildConfiguration; name = Debug; buildSettings = {CODE_SIGN_STYLE = Automatic; GENERATE_INFOPLIST_FILE = YES; PRODUCT_BUNDLE_IDENTIFIER = com.mariosinclair.lifeislearned.uitests; PRODUCT_NAME = "$(TARGET_NAME)"; TARGETED_DEVICE_FAMILY = "1,2"; TEST_TARGET_NAME = LifeIsLearned; SUPPORTED_PLATFORMS = "iphoneos iphonesimulator"; }; };
		58F1DDCC41908ACB3CE7DAD8 = {isa = XCBuildConfiguration; name = Release; buildSettings = {CODE_SIGN_STYLE = Automatic; GENERATE_INFOPLIST_FILE = YES; PRODUCT_BUNDLE_IDENTIFIER = com.mariosinclair.lifeislearned.uitests; PRODUCT_NAME = "$(TARGET_NAME)"; TARGETED_DEVICE_FAMILY = "1,2"; TEST_TARGET_NAME = LifeIsLearned; SUPPORTED_PLATFORMS = "iphoneos iphonesimulator"; }; };
/* End XCBuildConfiguration section */

/* Begin XCConfigurationList section */
		06CB67C35A91E16DBD17B949 /* Build configuration list for PBXNativeTarget "LifeIsLearned" */ = {
			isa = XCConfigurationList;
			buildConfigurations = (
				B00CCDD09424E369308D67FA /* Debug */,
				1B104479E55E37CF8A63CBDF /* Release */,
			);
			defaultConfigurationIsVisible = 0;
			defaultConfigurationName = Release;
		};
		5FA394EFD07597E96CACD8E1 /* Build configuration list for PBXNativeTarget "LifeIsLearnedTests" */ = {
			isa = XCConfigurationList;
			buildConfigurations = (
				DD3F495F7D6A5AA1C1769021 /* Debug */,
				E670BC2FFE794172EBC92AE3 /* Release */,
			);
			defaultConfigurationIsVisible = 0;
			defaultConfigurationName = Release;
		};
		76F8DEC3DFE0BDB465198890 /* Build configuration list for PBXProject "LifeIsLearned" */ = {
			isa = XCConfigurationList;
			buildConfigurations = (
				73EBF6644258C120893E685D /* Debug */,
				0B0C687DF8B6B8DC790B519C /* Release */,
			);
			defaultConfigurationIsVisible = 0;
			defaultConfigurationName = Release;
		};
		FF7143CCF615217A6F1F241D = {isa = XCConfigurationList; buildConfigurations = (7C233544B17DD67C39852A5C,58F1DDCC41908ACB3CE7DAD8,); defaultConfigurationIsVisible = 0; defaultConfigurationName = Release; };
/* End XCConfigurationList section */
	};
	rootObject = 244210E48437B6556980A702 /* Project object */;
}
